<?xml version="1.0" encoding="UTF-8"?>
<!DOCTYPE plist PUBLIC "-//Apple//DTD PLIST 1.0//EN" "http://www.apple.com/DTDs/PropertyList-1.0.dtd">
<plist version="1.0">
<dict>
	<key>archiveVersion</key>
	<string>1</string>
	<key>classes</key>
	<dict/>
	<key>objectVersion</key>
	<string>46</string>
	<key>objects</key>
	<dict>
		<key>0649AA630E8925924CA4DE79</key>
		<dict>
			<key>fileEncoding</key>
			<string>4</string>
			<key>isa</key>
			<string>PBXFileReference</string>
			<key>lastKnownFileType</key>
			<string>wrapper.framework</string>
			<key>name</key>
			<string>CFNetWork.framework</string>
			<key>path</key>
			<string>System/Library/Frameworks/CFNetWork.framework</string>
			<key>sourceTree</key>
			<string>SDKROOT</string>
		</dict>
		<key>090B8DC39E9BA0616EE86D13</key>
		<dict>
			<key>fileRef</key>
			<string>0B05D8461EB00E263BBF06B5</string>
			<key>isa</key>
			<string>PBXBuildFile</string>
		</dict>
		<key>0AF052418162232D6D4E820D</key>
		<dict>
			<key>fileEncoding</key>
			<string>4</string>
			<key>isa</key>
			<string>PBXFileReference</string>
			<key>lastKnownFileType</key>
			<string>wrapper.framework</string>
			<key>name</key>
			<string>AudioToolbox.framework</string>
			<key>path</key>
			<string>System/Library/Frameworks/AudioToolbox.framework</string>
			<key>sourceTree</key>
			<string>SDKROOT</string>
		</dict>
		<key>0B05D8461EB00E263BBF06B5</key>
		<dict>
			<key>fileEncoding</key>
			<string>4</string>
			<key>isa</key>
			<string>PBXFileReference</string>
			<key>lastKnownFileType</key>
			<string>wrapper.framework</string>
			<key>name</key>
			<string>ImageIO.framework</string>
			<key>path</key>
			<string>System/Library/Frameworks/ImageIO.framework</string>
			<key>sourceTree</key>
			<string>SDKROOT</string>
		</dict>
		<key>1D1474BDB2D382302FCDC9AA</key>
		<dict>
			<key>fileEncoding</key>
			<string>4</string>
			<key>isa</key>
			<string>PBXFileReference</string>
			<key>lastKnownFileType</key>
			<string>wrapper.framework</string>
			<key>name</key>
			<string>SystemConfiguration.framework</string>
			<key>path</key>
			<string>System/Library/Frameworks/SystemConfiguration.framework</string>
			<key>sourceTree</key>
			<string>SDKROOT</string>
		</dict>
		<key>234671854F0DB9AA31E6FC1B</key>
		<dict>
			<key>fileEncoding</key>
			<string>4</string>
			<key>isa</key>
			<string>PBXFileReference</string>
			<key>lastKnownFileType</key>
			<string>archive.ar</string>
			<key>name</key>
			<string>libc++.tbd</string>
			<key>path</key>
			<string>usr/lib/libc++.tbd</string>
			<key>sourceTree</key>
			<string>SDKROOT</string>
		</dict>
		<key>2897B6FA6D35DC9EE8F1D127</key>
		<dict>
			<key>fileRef</key>
			<string>ABFDDD2D36AC6244A7E60AE8</string>
			<key>isa</key>
			<string>PBXBuildFile</string>
		</dict>
		<key>300FD5960AC735F8DA2FD024</key>
		<dict>
			<key>fileRef</key>
			<string>1D1474BDB2D382302FCDC9AA</string>
			<key>isa</key>
			<string>PBXBuildFile</string>
		</dict>
		<key>3C1AD54E1BD5E9D70091D2A1</key>
		<dict>
			<key>buildActionMask</key>
			<string>2147483647</string>
			<key>files</key>
			<array/>
			<key>isa</key>
			<string>PBXSourcesBuildPhase</string>
			<key>runOnlyForDeploymentPostprocessing</key>
			<string>0</string>
		</dict>
		<key>3C1AD54F1BD5E9D70091D2A1</key>
		<dict>
			<key>buildActionMask</key>
			<string>2147483647</string>
			<key>files</key>
			<array/>
			<key>isa</key>
			<string>PBXFrameworksBuildPhase</string>
			<key>runOnlyForDeploymentPostprocessing</key>
			<string>0</string>
		</dict>
		<key>3C1AD5501BD5E9D70091D2A1</key>
		<dict>
			<key>buildActionMask</key>
			<string>2147483647</string>
			<key>files</key>
			<array>
				<string>42EE606B1C2A4D84007CFCB4</string>
				<string>42EE60681C2A4D84007CFCB4</string>
				<string>42EE605E1C2A4D84007CFCB4</string>
				<string>3C1C09CA1BE0629D00571E72</string>
				<string>42EE606E1C2A4D84007CFCB4</string>
				<string>42EE60671C2A4D84007CFCB4</string>
				<string>42EE60641C2A4D84007CFCB4</string>
				<string>42EE60601C2A4D84007CFCB4</string>
				<string>42EE606A1C2A4D84007CFCB4</string>
				<string>42EE60611C2A4D84007CFCB4</string>
				<string>42EE606C1C2A4D84007CFCB4</string>
				<string>42EE60691C2A4D84007CFCB4</string>
				<string>42EE606D1C2A4D84007CFCB4</string>
				<string>42EE60621C2A4D84007CFCB4</string>
				<string>42EE60631C2A4D84007CFCB4</string>
				<string>42EE60651C2A4D84007CFCB4</string>
				<string>42EE605D1C2A4D84007CFCB4</string>
				<string>42EE605F1C2A4D84007CFCB4</string>
				<string>42EE60661C2A4D84007CFCB4</string>
			</array>
			<key>isa</key>
			<string>PBXResourcesBuildPhase</string>
			<key>runOnlyForDeploymentPostprocessing</key>
			<string>0</string>
		</dict>
		<key>3C1AD5511BD5E9D70091D2A1</key>
		<dict>
			<key>buildConfigurationList</key>
			<string>3C1AD5571BD5E9D70091D2A1</string>
			<key>buildPhases</key>
			<array>
				<string>3C1AD54E1BD5E9D70091D2A1</string>
				<string>3C1AD54F1BD5E9D70091D2A1</string>
				<string>3C1AD5501BD5E9D70091D2A1</string>
			</array>
			<key>buildRules</key>
			<array/>
			<key>dependencies</key>
			<array/>
			<key>isa</key>
			<string>PBXNativeTarget</string>
			<key>name</key>
			<string>uexPDFReaderBundle</string>
			<key>productName</key>
			<string>uexPDFReaderBundle</string>
			<key>productReference</key>
			<string>3C1AD5521BD5E9D70091D2A1</string>
			<key>productType</key>
			<string>com.apple.product-type.bundle</string>
		</dict>
		<key>3C1AD5521BD5E9D70091D2A1</key>
		<dict>
			<key>explicitFileType</key>
			<string>wrapper.cfbundle</string>
			<key>includeInIndex</key>
			<string>0</string>
			<key>isa</key>
			<string>PBXFileReference</string>
			<key>path</key>
			<string>uexPDFReader.bundle</string>
			<key>sourceTree</key>
			<string>BUILT_PRODUCTS_DIR</string>
		</dict>
		<key>3C1AD5531BD5E9D70091D2A1</key>
		<dict>
			<key>children</key>
			<array>
				<string>42EE604B1C2A4D84007CFCB4</string>
				<string>42EE604C1C2A4D84007CFCB4</string>
				<string>42EE604D1C2A4D84007CFCB4</string>
				<string>42EE604E1C2A4D84007CFCB4</string>
				<string>42EE604F1C2A4D84007CFCB4</string>
				<string>42EE60501C2A4D84007CFCB4</string>
				<string>42EE60511C2A4D84007CFCB4</string>
				<string>42EE60521C2A4D84007CFCB4</string>
				<string>42EE60531C2A4D84007CFCB4</string>
				<string>42EE60541C2A4D84007CFCB4</string>
				<string>42EE60551C2A4D84007CFCB4</string>
				<string>42EE60561C2A4D84007CFCB4</string>
				<string>42EE60571C2A4D84007CFCB4</string>
				<string>42EE60581C2A4D84007CFCB4</string>
				<string>42EE60591C2A4D84007CFCB4</string>
				<string>42EE605A1C2A4D84007CFCB4</string>
				<string>42EE605B1C2A4D84007CFCB4</string>
				<string>42EE605C1C2A4D84007CFCB4</string>
				<string>3C1C09CC1BE0629D00571E72</string>
			</array>
			<key>isa</key>
			<string>PBXGroup</string>
			<key>path</key>
			<string>uexPDFReaderBundle</string>
			<key>sourceTree</key>
			<string>&lt;group&gt;</string>
		</dict>
		<key>3C1AD5551BD5E9D70091D2A1</key>
		<dict>
			<key>buildSettings</key>
			<dict>
				<key>CLANG_WARN_UNREACHABLE_CODE</key>
				<string>YES</string>
				<key>COMBINE_HIDPI_IMAGES</key>
				<string>NO</string>
				<key>CONFIGURATION_BUILD_DIR</key>
				<string>$SRCROOT/uexPDFReader</string>
				<key>DEBUG_INFORMATION_FORMAT</key>
				<string>dwarf</string>
				<key>ENABLE_STRICT_OBJC_MSGSEND</key>
				<string>YES</string>
				<key>ENABLE_TESTABILITY</key>
				<string>YES</string>
				<key>GCC_NO_COMMON_BLOCKS</key>
				<string>YES</string>
				<key>GCC_WARN_UNINITIALIZED_AUTOS</key>
				<string>YES_AGGRESSIVE</string>
				<key>INFOPLIST_FILE</key>
				<string></string>
				<key>INSTALL_PATH</key>
				<string>$(LOCAL_LIBRARY_DIR)/Bundles</string>
				<key>MACOSX_DEPLOYMENT_TARGET</key>
				<string>10.10</string>
				<key>MTL_ENABLE_DEBUG_INFO</key>
				<string>YES</string>
				<key>ONLY_ACTIVE_ARCH</key>
				<string>YES</string>
				<key>PRODUCT_BUNDLE_IDENTIFIER</key>
				<string>com.zywx.uexPDFReaderBundle</string>
				<key>PRODUCT_MODULE_NAME</key>
				<string>uexPDFReader</string>
				<key>PRODUCT_NAME</key>
				<string>uexPDFReader</string>
				<key>SDKROOT</key>
				<string>macosx</string>
				<key>SKIP_INSTALL</key>
				<string>YES</string>
				<key>WRAPPER_EXTENSION</key>
				<string>bundle</string>
			</dict>
			<key>isa</key>
			<string>XCBuildConfiguration</string>
			<key>name</key>
			<string>Debug</string>
		</dict>
		<key>3C1AD5561BD5E9D70091D2A1</key>
		<dict>
			<key>buildSettings</key>
			<dict>
				<key>CLANG_WARN_UNREACHABLE_CODE</key>
				<string>YES</string>
				<key>COMBINE_HIDPI_IMAGES</key>
				<string>NO</string>
				<key>CONFIGURATION_BUILD_DIR</key>
				<string>$SRCROOT/uexPDFReader</string>
				<key>COPY_PHASE_STRIP</key>
				<string>NO</string>
				<key>DEBUG_INFORMATION_FORMAT</key>
				<string>dwarf-with-dsym</string>
				<key>ENABLE_STRICT_OBJC_MSGSEND</key>
				<string>YES</string>
				<key>GCC_NO_COMMON_BLOCKS</key>
				<string>YES</string>
				<key>GCC_WARN_UNINITIALIZED_AUTOS</key>
				<string>YES_AGGRESSIVE</string>
				<key>INFOPLIST_FILE</key>
				<string></string>
				<key>INSTALL_PATH</key>
				<string>$(LOCAL_LIBRARY_DIR)/Bundles</string>
				<key>MACOSX_DEPLOYMENT_TARGET</key>
				<string>10.10</string>
				<key>MTL_ENABLE_DEBUG_INFO</key>
				<string>NO</string>
				<key>PRODUCT_BUNDLE_IDENTIFIER</key>
				<string>com.zywx.uexPDFReaderBundle</string>
				<key>PRODUCT_MODULE_NAME</key>
				<string>uexPDFReader</string>
				<key>PRODUCT_NAME</key>
				<string>uexPDFReader</string>
				<key>SDKROOT</key>
				<string>macosx</string>
				<key>SKIP_INSTALL</key>
				<string>YES</string>
				<key>WRAPPER_EXTENSION</key>
				<string>bundle</string>
			</dict>
			<key>isa</key>
			<string>XCBuildConfiguration</string>
			<key>name</key>
			<string>Release</string>
		</dict>
		<key>3C1AD5571BD5E9D70091D2A1</key>
		<dict>
			<key>buildConfigurations</key>
			<array>
				<string>3C1AD5551BD5E9D70091D2A1</string>
				<string>3C1AD5561BD5E9D70091D2A1</string>
			</array>
			<key>defaultConfigurationIsVisible</key>
			<string>0</string>
			<key>defaultConfigurationName</key>
			<string>Release</string>
			<key>isa</key>
			<string>XCConfigurationList</string>
		</dict>
		<key>3C1AD5581BD5EA260091D2A1</key>
		<dict>
			<key>containerPortal</key>
			<string>5A9FF0551890A6C000E16C52</string>
			<key>isa</key>
			<string>PBXContainerItemProxy</string>
			<key>proxyType</key>
			<string>1</string>
			<key>remoteGlobalIDString</key>
			<string>3C1AD5511BD5E9D70091D2A1</string>
			<key>remoteInfo</key>
			<string>uexPDFReaderBundle</string>
		</dict>
		<key>3C1AD5591BD5EA260091D2A1</key>
		<dict>
			<key>isa</key>
			<string>PBXTargetDependency</string>
			<key>target</key>
			<string>3C1AD5511BD5E9D70091D2A1</string>
			<key>targetProxy</key>
			<string>3C1AD5581BD5EA260091D2A1</string>
		</dict>
		<key>3C1C09CA1BE0629D00571E72</key>
		<dict>
			<key>fileRef</key>
			<string>3C1C09CC1BE0629D00571E72</string>
			<key>isa</key>
			<string>PBXBuildFile</string>
		</dict>
		<key>3C1C09CB1BE0629D00571E72</key>
		<dict>
			<key>isa</key>
			<string>PBXFileReference</string>
			<key>lastKnownFileType</key>
			<string>text.plist.strings</string>
			<key>name</key>
			<string>en</string>
			<key>path</key>
			<string>en.lproj/Localizable.strings</string>
			<key>sourceTree</key>
			<string>&lt;group&gt;</string>
		</dict>
		<key>3C1C09CC1BE0629D00571E72</key>
		<dict>
			<key>children</key>
			<array>
				<string>3C1C09CB1BE0629D00571E72</string>
				<string>3C1C09CD1BE0629E00571E72</string>
			</array>
			<key>isa</key>
			<string>PBXVariantGroup</string>
			<key>name</key>
			<string>Localizable.strings</string>
			<key>sourceTree</key>
			<string>&lt;group&gt;</string>
		</dict>
		<key>3C1C09CD1BE0629E00571E72</key>
		<dict>
			<key>isa</key>
			<string>PBXFileReference</string>
			<key>lastKnownFileType</key>
			<string>text.plist.strings</string>
			<key>name</key>
			<string>zh-Hans</string>
			<key>path</key>
			<string>zh-Hans.lproj/Localizable.strings</string>
			<key>sourceTree</key>
			<string>&lt;group&gt;</string>
		</dict>
		<key>41E1013997CF11D389C501F9</key>
		<dict>
			<key>fileEncoding</key>
			<string>4</string>
			<key>isa</key>
			<string>PBXFileReference</string>
			<key>lastKnownFileType</key>
			<string>wrapper.framework</string>
			<key>name</key>
			<string>CoreGraphics.framework</string>
			<key>path</key>
			<string>System/Library/Frameworks/CoreGraphics.framework</string>
			<key>sourceTree</key>
			<string>SDKROOT</string>
		</dict>
		<key>42EE604B1C2A4D84007CFCB4</key>
		<dict>
			<key>isa</key>
			<string>PBXFileReference</string>
			<key>lastKnownFileType</key>
			<string>image.png</string>
			<key>path</key>
			<string>AppIcon-057.png</string>
			<key>sourceTree</key>
			<string>&lt;group&gt;</string>
		</dict>
		<key>42EE604C1C2A4D84007CFCB4</key>
		<dict>
			<key>isa</key>
			<string>PBXFileReference</string>
			<key>lastKnownFileType</key>
			<string>image.png</string>
			<key>path</key>
			<string>AppIcon-072.png</string>
			<key>sourceTree</key>
			<string>&lt;group&gt;</string>
		</dict>
		<key>42EE604D1C2A4D84007CFCB4</key>
		<dict>
			<key>isa</key>
			<string>PBXFileReference</string>
			<key>lastKnownFileType</key>
			<string>image.png</string>
			<key>path</key>
			<string>AppIcon-114.png</string>
			<key>sourceTree</key>
			<string>&lt;group&gt;</string>
		</dict>
		<key>42EE604E1C2A4D84007CFCB4</key>
		<dict>
			<key>isa</key>
			<string>PBXFileReference</string>
			<key>lastKnownFileType</key>
			<string>image.png</string>
			<key>path</key>
			<string>AppIcon-144.png</string>
			<key>sourceTree</key>
			<string>&lt;group&gt;</string>
		</dict>
		<key>42EE604F1C2A4D84007CFCB4</key>
		<dict>
			<key>isa</key>
			<string>PBXFileReference</string>
			<key>lastKnownFileType</key>
			<string>image.png</string>
			<key>path</key>
			<string>Reader-Button-H.png</string>
			<key>sourceTree</key>
			<string>&lt;group&gt;</string>
		</dict>
		<key>42EE60501C2A4D84007CFCB4</key>
		<dict>
			<key>isa</key>
			<string>PBXFileReference</string>
			<key>lastKnownFileType</key>
			<string>image.png</string>
			<key>path</key>
			<string>Reader-Button-H@2x.png</string>
			<key>sourceTree</key>
			<string>&lt;group&gt;</string>
		</dict>
		<key>42EE60511C2A4D84007CFCB4</key>
		<dict>
			<key>isa</key>
			<string>PBXFileReference</string>
			<key>lastKnownFileType</key>
			<string>image.png</string>
			<key>path</key>
			<string>Reader-Button-N.png</string>
			<key>sourceTree</key>
			<string>&lt;group&gt;</string>
		</dict>
		<key>42EE60521C2A4D84007CFCB4</key>
		<dict>
			<key>isa</key>
			<string>PBXFileReference</string>
			<key>lastKnownFileType</key>
			<string>image.png</string>
			<key>path</key>
			<string>Reader-Button-N@2x.png</string>
			<key>sourceTree</key>
			<string>&lt;group&gt;</string>
		</dict>
		<key>42EE60531C2A4D84007CFCB4</key>
		<dict>
			<key>isa</key>
			<string>PBXFileReference</string>
			<key>lastKnownFileType</key>
			<string>image.png</string>
			<key>path</key>
			<string>Reader-Email.png</string>
			<key>sourceTree</key>
			<string>&lt;group&gt;</string>
		</dict>
		<key>42EE60541C2A4D84007CFCB4</key>
		<dict>
			<key>isa</key>
			<string>PBXFileReference</string>
			<key>lastKnownFileType</key>
			<string>image.png</string>
			<key>path</key>
			<string>Reader-Email@2x.png</string>
			<key>sourceTree</key>
			<string>&lt;group&gt;</string>
		</dict>
		<key>42EE60551C2A4D84007CFCB4</key>
		<dict>
			<key>isa</key>
			<string>PBXFileReference</string>
			<key>lastKnownFileType</key>
			<string>image.png</string>
			<key>path</key>
			<string>Reader-Mark-N.png</string>
			<key>sourceTree</key>
			<string>&lt;group&gt;</string>
		</dict>
		<key>42EE60561C2A4D84007CFCB4</key>
		<dict>
			<key>isa</key>
			<string>PBXFileReference</string>
			<key>lastKnownFileType</key>
			<string>image.png</string>
			<key>path</key>
			<string>Reader-Mark-N@2x.png</string>
			<key>sourceTree</key>
			<string>&lt;group&gt;</string>
		</dict>
		<key>42EE60571C2A4D84007CFCB4</key>
		<dict>
			<key>isa</key>
			<string>PBXFileReference</string>
			<key>lastKnownFileType</key>
			<string>image.png</string>
			<key>path</key>
			<string>Reader-Mark-Y.png</string>
			<key>sourceTree</key>
			<string>&lt;group&gt;</string>
		</dict>
		<key>42EE60581C2A4D84007CFCB4</key>
		<dict>
			<key>isa</key>
			<string>PBXFileReference</string>
			<key>lastKnownFileType</key>
			<string>image.png</string>
			<key>path</key>
			<string>Reader-Mark-Y@2x.png</string>
			<key>sourceTree</key>
			<string>&lt;group&gt;</string>
		</dict>
		<key>42EE60591C2A4D84007CFCB4</key>
		<dict>
			<key>isa</key>
			<string>PBXFileReference</string>
			<key>lastKnownFileType</key>
			<string>image.png</string>
			<key>path</key>
			<string>Reader-Print.png</string>
			<key>sourceTree</key>
			<string>&lt;group&gt;</string>
		</dict>
		<key>42EE605A1C2A4D84007CFCB4</key>
		<dict>
			<key>isa</key>
			<string>PBXFileReference</string>
			<key>lastKnownFileType</key>
			<string>image.png</string>
			<key>path</key>
			<string>Reader-Print@2x.png</string>
			<key>sourceTree</key>
			<string>&lt;group&gt;</string>
		</dict>
		<key>42EE605B1C2A4D84007CFCB4</key>
		<dict>
			<key>isa</key>
			<string>PBXFileReference</string>
			<key>lastKnownFileType</key>
			<string>image.png</string>
			<key>path</key>
			<string>Reader-Thumbs.png</string>
			<key>sourceTree</key>
			<string>&lt;group&gt;</string>
		</dict>
		<key>42EE605C1C2A4D84007CFCB4</key>
		<dict>
			<key>isa</key>
			<string>PBXFileReference</string>
			<key>lastKnownFileType</key>
			<string>image.png</string>
			<key>path</key>
			<string>Reader-Thumbs@2x.png</string>
			<key>sourceTree</key>
			<string>&lt;group&gt;</string>
		</dict>
		<key>42EE605D1C2A4D84007CFCB4</key>
		<dict>
			<key>fileRef</key>
			<string>42EE604B1C2A4D84007CFCB4</string>
			<key>isa</key>
			<string>PBXBuildFile</string>
		</dict>
		<key>42EE605E1C2A4D84007CFCB4</key>
		<dict>
			<key>fileRef</key>
			<string>42EE604C1C2A4D84007CFCB4</string>
			<key>isa</key>
			<string>PBXBuildFile</string>
		</dict>
		<key>42EE605F1C2A4D84007CFCB4</key>
		<dict>
			<key>fileRef</key>
			<string>42EE604D1C2A4D84007CFCB4</string>
			<key>isa</key>
			<string>PBXBuildFile</string>
		</dict>
		<key>42EE60601C2A4D84007CFCB4</key>
		<dict>
			<key>fileRef</key>
			<string>42EE604E1C2A4D84007CFCB4</string>
			<key>isa</key>
			<string>PBXBuildFile</string>
		</dict>
		<key>42EE60611C2A4D84007CFCB4</key>
		<dict>
			<key>fileRef</key>
			<string>42EE604F1C2A4D84007CFCB4</string>
			<key>isa</key>
			<string>PBXBuildFile</string>
		</dict>
		<key>42EE60621C2A4D84007CFCB4</key>
		<dict>
			<key>fileRef</key>
			<string>42EE60501C2A4D84007CFCB4</string>
			<key>isa</key>
			<string>PBXBuildFile</string>
		</dict>
		<key>42EE60631C2A4D84007CFCB4</key>
		<dict>
			<key>fileRef</key>
			<string>42EE60511C2A4D84007CFCB4</string>
			<key>isa</key>
			<string>PBXBuildFile</string>
		</dict>
		<key>42EE60641C2A4D84007CFCB4</key>
		<dict>
			<key>fileRef</key>
			<string>42EE60521C2A4D84007CFCB4</string>
			<key>isa</key>
			<string>PBXBuildFile</string>
		</dict>
		<key>42EE60651C2A4D84007CFCB4</key>
		<dict>
			<key>fileRef</key>
			<string>42EE60531C2A4D84007CFCB4</string>
			<key>isa</key>
			<string>PBXBuildFile</string>
		</dict>
		<key>42EE60661C2A4D84007CFCB4</key>
		<dict>
			<key>fileRef</key>
			<string>42EE60541C2A4D84007CFCB4</string>
			<key>isa</key>
			<string>PBXBuildFile</string>
		</dict>
		<key>42EE60671C2A4D84007CFCB4</key>
		<dict>
			<key>fileRef</key>
			<string>42EE60551C2A4D84007CFCB4</string>
			<key>isa</key>
			<string>PBXBuildFile</string>
		</dict>
		<key>42EE60681C2A4D84007CFCB4</key>
		<dict>
			<key>fileRef</key>
			<string>42EE60561C2A4D84007CFCB4</string>
			<key>isa</key>
			<string>PBXBuildFile</string>
		</dict>
		<key>42EE60691C2A4D84007CFCB4</key>
		<dict>
			<key>fileRef</key>
			<string>42EE60571C2A4D84007CFCB4</string>
			<key>isa</key>
			<string>PBXBuildFile</string>
		</dict>
		<key>42EE606A1C2A4D84007CFCB4</key>
		<dict>
			<key>fileRef</key>
			<string>42EE60581C2A4D84007CFCB4</string>
			<key>isa</key>
			<string>PBXBuildFile</string>
		</dict>
		<key>42EE606B1C2A4D84007CFCB4</key>
		<dict>
			<key>fileRef</key>
			<string>42EE60591C2A4D84007CFCB4</string>
			<key>isa</key>
			<string>PBXBuildFile</string>
		</dict>
		<key>42EE606C1C2A4D84007CFCB4</key>
		<dict>
			<key>fileRef</key>
			<string>42EE605A1C2A4D84007CFCB4</string>
			<key>isa</key>
			<string>PBXBuildFile</string>
		</dict>
		<key>42EE606D1C2A4D84007CFCB4</key>
		<dict>
			<key>fileRef</key>
			<string>42EE605B1C2A4D84007CFCB4</string>
			<key>isa</key>
			<string>PBXBuildFile</string>
		</dict>
		<key>42EE606E1C2A4D84007CFCB4</key>
		<dict>
			<key>fileRef</key>
			<string>42EE605C1C2A4D84007CFCB4</string>
			<key>isa</key>
			<string>PBXBuildFile</string>
		</dict>
		<key>4AD8A776355676EE86805C48</key>
		<dict>
			<key>fileRef</key>
			<string>5B70111E3D78CACD5D901AD6</string>
			<key>isa</key>
			<string>PBXBuildFile</string>
		</dict>
		<key>4B644C742E71FFC9C9B50FBB</key>
		<dict>
			<key>fileEncoding</key>
			<string>4</string>
			<key>isa</key>
			<string>PBXFileReference</string>
			<key>lastKnownFileType</key>
			<string>wrapper.framework</string>
			<key>name</key>
			<string>UIKit.framework</string>
			<key>path</key>
			<string>System/Library/Frameworks/UIKit.framework</string>
			<key>sourceTree</key>
			<string>SDKROOT</string>
		</dict>
		<key>4F87DBABFDA87468474B25E7</key>
		<dict>
			<key>fileRef</key>
			<string>CFCBD61171C41CC9603F5204</string>
			<key>isa</key>
			<string>PBXBuildFile</string>
		</dict>
		<key>526E4CEFDEBC4BF344EA2187</key>
		<dict>
			<key>fileEncoding</key>
			<string>4</string>
			<key>isa</key>
			<string>PBXFileReference</string>
			<key>lastKnownFileType</key>
			<string>wrapper.framework</string>
			<key>name</key>
			<string>MapKit.framework</string>
			<key>path</key>
			<string>System/Library/Frameworks/MapKit.framework</string>
			<key>sourceTree</key>
			<string>SDKROOT</string>
		</dict>
		<key>54BCBAC81DB5F8F8E1A03746</key>
		<dict>
			<key>fileRef</key>
			<string>98ACADC09C5D6C1F7FC9E138</string>
			<key>isa</key>
			<string>PBXBuildFile</string>
		</dict>
		<key>5A9FF0541890A6C000E16C52</key>
		<dict>
			<key>children</key>
			<array>
				<string>5A9FF0621890A6C000E16C52</string>
				<string>3C1AD5531BD5E9D70091D2A1</string>
				<string>5A9FF05F1890A6C000E16C52</string>
				<string>5A9FF05E1890A6C000E16C52</string>
				<string>E8BD0269F90E4EED7CEC8BC3</string>
				<string>769E646002B8420BBD11AB8E</string>
				<string>5B70111E3D78CACD5D901AD6</string>
			</array>
			<key>isa</key>
			<string>PBXGroup</string>
			<key>sourceTree</key>
			<string>&lt;group&gt;</string>
		</dict>
		<key>5A9FF0551890A6C000E16C52</key>
		<dict>
			<key>attributes</key>
			<dict>
				<key>LastUpgradeCheck</key>
				<string>0500</string>
				<key>ORGANIZATIONNAME</key>
				<string>xll</string>
				<key>TargetAttributes</key>
				<dict>
					<key>3C1AD5511BD5E9D70091D2A1</key>
					<dict>
						<key>CreatedOnToolsVersion</key>
						<string>7.0.1</string>
					</dict>
				</dict>
			</dict>
			<key>buildConfigurationList</key>
			<string>5A9FF0581890A6C000E16C52</string>
			<key>compatibilityVersion</key>
			<string>Xcode 3.2</string>
			<key>developmentRegion</key>
			<string>English</string>
			<key>hasScannedForEncodings</key>
			<string>0</string>
			<key>isa</key>
			<string>PBXProject</string>
			<key>knownRegions</key>
			<array>
				<string>en</string>
				<string>zh-Hans</string>
			</array>
			<key>mainGroup</key>
			<string>5A9FF0541890A6C000E16C52</string>
			<key>productRefGroup</key>
			<string>5A9FF05E1890A6C000E16C52</string>
			<key>projectDirPath</key>
			<string></string>
			<key>projectRoot</key>
			<string></string>
			<key>targets</key>
			<array>
				<string>5A9FF05C1890A6C000E16C52</string>
				<string>3C1AD5511BD5E9D70091D2A1</string>
			</array>
		</dict>
		<key>5A9FF0581890A6C000E16C52</key>
		<dict>
			<key>buildConfigurations</key>
			<array>
				<string>5A9FF07E1890A6C100E16C52</string>
				<string>5A9FF07F1890A6C100E16C52</string>
			</array>
			<key>defaultConfigurationIsVisible</key>
			<string>0</string>
			<key>defaultConfigurationName</key>
			<string>Release</string>
			<key>isa</key>
			<string>XCConfigurationList</string>
		</dict>
		<key>5A9FF0591890A6C000E16C52</key>
		<dict>
			<key>buildActionMask</key>
			<string>2147483647</string>
			<key>files</key>
			<array>
				<string>5A9FF0BB1890A84500E16C52</string>
				<string>5A9FF0C71890A84500E16C52</string>
				<string>5A9FF0BA1890A84500E16C52</string>
				<string>5A9FF0C01890A84500E16C52</string>
				<string>5A9FF0C21890A84500E16C52</string>
				<string>5A9FF0BE1890A84500E16C52</string>
				<string>5A9FF0C31890A84500E16C52</string>
				<string>5A9FF0C91890A84500E16C52</string>
				<string>5A9FF0C41890A84500E16C52</string>
				<string>5A9FF0BF1890A84500E16C52</string>
				<string>5A9FF0B91890A84500E16C52</string>
				<string>5A9FF0C81890A84500E16C52</string>
				<string>5A9FF0C11890A84500E16C52</string>
				<string>5A9FF0681890A6C000E16C52</string>
				<string>5A9FF0BC1890A84500E16C52</string>
				<string>5A9FF0BD1890A84500E16C52</string>
				<string>5A9FF0B71890A84500E16C52</string>
				<string>5A9FF0C61890A84500E16C52</string>
				<string>5A9FF0C51890A84500E16C52</string>
				<string>5A9FF0B81890A84500E16C52</string>
			</array>
			<key>isa</key>
			<string>PBXSourcesBuildPhase</string>
			<key>runOnlyForDeploymentPostprocessing</key>
			<string>0</string>
		</dict>
		<key>5A9FF05A1890A6C000E16C52</key>
		<dict>
			<key>buildActionMask</key>
			<string>2147483647</string>
			<key>files</key>
			<array>
				<string>5A9FF0611890A6C000E16C52</string>
				<string>AE8A4968AFB07C8D13B2BB68</string>
				<string>8DCF977ABD2D254B1F526ECE</string>
				<string>300FD5960AC735F8DA2FD024</string>
				<string>090B8DC39E9BA0616EE86D13</string>
				<string>7719B1C4CB8BED01CFA0242B</string>
				<string>E4D88E5911C43A64C0FE8EAF</string>
				<string>887317C20AA5C0FD9BB0EE30</string>
				<string>962DAB74B913E2DC32A1213B</string>
				<string>85C94DC06F4476DED9DCDF0E</string>
				<string>80C3ECA3AC76BF5071BF4D45</string>
				<string>779297373E54263FB2929FAA</string>
				<string>2897B6FA6D35DC9EE8F1D127</string>
				<string>54BCBAC81DB5F8F8E1A03746</string>
				<string>4F87DBABFDA87468474B25E7</string>
			</array>
			<key>isa</key>
			<string>PBXFrameworksBuildPhase</string>
			<key>runOnlyForDeploymentPostprocessing</key>
			<string>0</string>
		</dict>
		<key>5A9FF05B1890A6C000E16C52</key>
		<dict>
			<key>buildActionMask</key>
			<string>2147483647</string>
			<key>dstPath</key>
			<string>include/$(PRODUCT_NAME)</string>
			<key>dstSubfolderSpec</key>
			<string>16</string>
			<key>files</key>
			<array/>
			<key>isa</key>
			<string>PBXCopyFilesBuildPhase</string>
			<key>runOnlyForDeploymentPostprocessing</key>
			<string>0</string>
		</dict>
		<key>5A9FF05C1890A6C000E16C52</key>
		<dict>
			<key>buildConfigurationList</key>
			<string>5A9FF0801890A6C100E16C52</string>
			<key>buildPhases</key>
			<array>
				<string>5A9FF0591890A6C000E16C52</string>
				<string>5A9FF05A1890A6C000E16C52</string>
				<string>5A9FF05B1890A6C000E16C52</string>
				<string>8BDDE51432AB81FB13E3F265</string>
			</array>
			<key>buildRules</key>
			<array/>
			<key>dependencies</key>
			<array>
				<string>3C1AD5591BD5EA260091D2A1</string>
			</array>
			<key>isa</key>
			<string>PBXNativeTarget</string>
			<key>name</key>
			<string>EUExPDFReader</string>
			<key>productName</key>
			<string>EUExPDFReader</string>
			<key>productReference</key>
			<string>5A9FF05D1890A6C000E16C52</string>
			<key>productType</key>
			<string>com.apple.product-type.framework</string>
		</dict>
		<key>5A9FF05D1890A6C000E16C52</key>
		<dict>
			<key>explicitFileType</key>
			<string>archive.ar</string>
			<key>includeInIndex</key>
			<string>0</string>
			<key>isa</key>
			<string>PBXFileReference</string>
			<key>name</key>
			<string>uexPDFReader.framework</string>
			<key>path</key>
			<string>uexPDFReader.framework</string>
			<key>sourceTree</key>
			<string>BUILT_PRODUCTS_DIR</string>
		</dict>
		<key>5A9FF05E1890A6C000E16C52</key>
		<dict>
			<key>children</key>
			<array>
				<string>5A9FF05D1890A6C000E16C52</string>
				<string>3C1AD5521BD5E9D70091D2A1</string>
			</array>
			<key>isa</key>
			<string>PBXGroup</string>
			<key>name</key>
			<string>Products</string>
			<key>sourceTree</key>
			<string>&lt;group&gt;</string>
		</dict>
		<key>5A9FF05F1890A6C000E16C52</key>
		<dict>
			<key>children</key>
			<array>
				<string>5A9FF0601890A6C000E16C52</string>
				<string>5A9FF06E1890A6C100E16C52</string>
			</array>
			<key>isa</key>
			<string>PBXGroup</string>
			<key>name</key>
			<string>Frameworks</string>
			<key>sourceTree</key>
			<string>&lt;group&gt;</string>
		</dict>
		<key>5A9FF0601890A6C000E16C52</key>
		<dict>
			<key>isa</key>
			<string>PBXFileReference</string>
			<key>lastKnownFileType</key>
			<string>wrapper.framework</string>
			<key>name</key>
			<string>Foundation.framework</string>
			<key>path</key>
			<string>System/Library/Frameworks/Foundation.framework</string>
			<key>sourceTree</key>
			<string>SDKROOT</string>
		</dict>
		<key>5A9FF0611890A6C000E16C52</key>
		<dict>
			<key>fileRef</key>
			<string>5A9FF0601890A6C000E16C52</string>
			<key>isa</key>
			<string>PBXBuildFile</string>
		</dict>
		<key>5A9FF0621890A6C000E16C52</key>
		<dict>
			<key>children</key>
			<array>
				<string>FC16252A18AB6BCD00BEF700</string>
				<string>5A9FF0671890A6C000E16C52</string>
				<string>5A9FF0861890A84400E16C52</string>
				<string>5A9FF08A1890A84400E16C52</string>
				<string>5A9FF0631890A6C000E16C52</string>
			</array>
			<key>isa</key>
			<string>PBXGroup</string>
			<key>path</key>
			<string>EUExPDFReader</string>
			<key>sourceTree</key>
			<string>&lt;group&gt;</string>
		</dict>
		<key>5A9FF0631890A6C000E16C52</key>
		<dict>
			<key>children</key>
			<array>
				<string>5A9FF0641890A6C000E16C52</string>
			</array>
			<key>isa</key>
			<string>PBXGroup</string>
			<key>name</key>
			<string>Supporting Files</string>
			<key>sourceTree</key>
			<string>&lt;group&gt;</string>
		</dict>
		<key>5A9FF0641890A6C000E16C52</key>
		<dict>
			<key>isa</key>
			<string>PBXFileReference</string>
			<key>lastKnownFileType</key>
			<string>sourcecode.c.h</string>
			<key>path</key>
			<string>EUExPDFReader-Prefix.pch</string>
			<key>sourceTree</key>
			<string>&lt;group&gt;</string>
		</dict>
		<key>5A9FF0671890A6C000E16C52</key>
		<dict>
			<key>isa</key>
			<string>PBXFileReference</string>
			<key>lastKnownFileType</key>
			<string>sourcecode.c.objc</string>
			<key>path</key>
			<string>EUExPDFReader.m</string>
			<key>sourceTree</key>
			<string>&lt;group&gt;</string>
		</dict>
		<key>5A9FF0681890A6C000E16C52</key>
		<dict>
			<key>fileRef</key>
			<string>5A9FF0671890A6C000E16C52</string>
			<key>isa</key>
			<string>PBXBuildFile</string>
		</dict>
		<key>5A9FF06E1890A6C100E16C52</key>
		<dict>
			<key>isa</key>
			<string>PBXFileReference</string>
			<key>lastKnownFileType</key>
			<string>wrapper.framework</string>
			<key>name</key>
			<string>XCTest.framework</string>
			<key>path</key>
			<string>Library/Frameworks/XCTest.framework</string>
			<key>sourceTree</key>
			<string>DEVELOPER_DIR</string>
		</dict>
		<key>5A9FF07E1890A6C100E16C52</key>
		<dict>
			<key>buildSettings</key>
			<dict>
				<key>ALWAYS_SEARCH_USER_PATHS</key>
				<string>NO</string>
				<key>ARCHS</key>
				<string>$(ARCHS_STANDARD_INCLUDING_64_BIT)</string>
				<key>CLANG_CXX_LANGUAGE_STANDARD</key>
				<string>gnu++0x</string>
				<key>CLANG_CXX_LIBRARY</key>
				<string>libc++</string>
				<key>CLANG_ENABLE_MODULES</key>
				<string>YES</string>
				<key>CLANG_ENABLE_OBJC_ARC</key>
				<string>YES</string>
				<key>CLANG_WARN_BOOL_CONVERSION</key>
				<string>YES</string>
				<key>CLANG_WARN_CONSTANT_CONVERSION</key>
				<string>YES</string>
				<key>CLANG_WARN_DIRECT_OBJC_ISA_USAGE</key>
				<string>YES_ERROR</string>
				<key>CLANG_WARN_EMPTY_BODY</key>
				<string>YES</string>
				<key>CLANG_WARN_ENUM_CONVERSION</key>
				<string>YES</string>
				<key>CLANG_WARN_INT_CONVERSION</key>
				<string>YES</string>
				<key>CLANG_WARN_OBJC_ROOT_CLASS</key>
				<string>YES_ERROR</string>
				<key>CLANG_WARN__DUPLICATE_METHOD_MATCH</key>
				<string>YES</string>
				<key>COPY_PHASE_STRIP</key>
				<string>NO</string>
				<key>DEBUG_INFORMATION_FORMAT</key>
				<string>dwarf</string>
				<key>GCC_C_LANGUAGE_STANDARD</key>
				<string>gnu99</string>
				<key>GCC_DYNAMIC_NO_PIC</key>
				<string>NO</string>
				<key>GCC_OPTIMIZATION_LEVEL</key>
				<string>0</string>
				<key>GCC_PREPROCESSOR_DEFINITIONS</key>
				<array>
					<string>DEBUG=1</string>
					<string>$(inherited)</string>
				</array>
				<key>GCC_SYMBOLS_PRIVATE_EXTERN</key>
				<string>NO</string>
				<key>GCC_WARN_64_TO_32_BIT_CONVERSION</key>
				<string>YES</string>
				<key>GCC_WARN_ABOUT_RETURN_TYPE</key>
				<string>YES_ERROR</string>
				<key>GCC_WARN_UNDECLARED_SELECTOR</key>
				<string>YES</string>
				<key>GCC_WARN_UNINITIALIZED_AUTOS</key>
				<string>YES</string>
				<key>GCC_WARN_UNUSED_FUNCTION</key>
				<string>YES</string>
				<key>GCC_WARN_UNUSED_VARIABLE</key>
				<string>YES</string>
				<key>IPHONEOS_DEPLOYMENT_TARGET</key>
				<string>8.0</string>
				<key>ONLY_ACTIVE_ARCH</key>
				<string>NO</string>
				<key>SDKROOT</key>
				<string>iphoneos</string>
				<key>TARGETED_DEVICE_FAMILY</key>
				<string>1,2</string>
			</dict>
			<key>isa</key>
			<string>XCBuildConfiguration</string>
			<key>name</key>
			<string>Debug</string>
		</dict>
		<key>5A9FF07F1890A6C100E16C52</key>
		<dict>
			<key>buildSettings</key>
			<dict>
				<key>ALWAYS_SEARCH_USER_PATHS</key>
				<string>NO</string>
				<key>ARCHS</key>
				<string>$(ARCHS_STANDARD_INCLUDING_64_BIT)</string>
				<key>CLANG_CXX_LANGUAGE_STANDARD</key>
				<string>gnu++0x</string>
				<key>CLANG_CXX_LIBRARY</key>
				<string>libc++</string>
				<key>CLANG_ENABLE_MODULES</key>
				<string>YES</string>
				<key>CLANG_ENABLE_OBJC_ARC</key>
				<string>YES</string>
				<key>CLANG_WARN_BOOL_CONVERSION</key>
				<string>YES</string>
				<key>CLANG_WARN_CONSTANT_CONVERSION</key>
				<string>YES</string>
				<key>CLANG_WARN_DIRECT_OBJC_ISA_USAGE</key>
				<string>YES_ERROR</string>
				<key>CLANG_WARN_EMPTY_BODY</key>
				<string>YES</string>
				<key>CLANG_WARN_ENUM_CONVERSION</key>
				<string>YES</string>
				<key>CLANG_WARN_INT_CONVERSION</key>
				<string>YES</string>
				<key>CLANG_WARN_OBJC_ROOT_CLASS</key>
				<string>YES_ERROR</string>
				<key>CLANG_WARN__DUPLICATE_METHOD_MATCH</key>
				<string>YES</string>
				<key>COPY_PHASE_STRIP</key>
				<string>YES</string>
				<key>DEBUG_INFORMATION_FORMAT</key>
				<string>dwarf</string>
				<key>ENABLE_NS_ASSERTIONS</key>
				<string>NO</string>
				<key>GCC_C_LANGUAGE_STANDARD</key>
				<string>gnu99</string>
				<key>GCC_WARN_64_TO_32_BIT_CONVERSION</key>
				<string>YES</string>
				<key>GCC_WARN_ABOUT_RETURN_TYPE</key>
				<string>YES_ERROR</string>
				<key>GCC_WARN_UNDECLARED_SELECTOR</key>
				<string>YES</string>
				<key>GCC_WARN_UNINITIALIZED_AUTOS</key>
				<string>YES</string>
				<key>GCC_WARN_UNUSED_FUNCTION</key>
				<string>YES</string>
				<key>GCC_WARN_UNUSED_VARIABLE</key>
				<string>YES</string>
				<key>IPHONEOS_DEPLOYMENT_TARGET</key>
				<string>8.0</string>
				<key>ONLY_ACTIVE_ARCH</key>
				<string>NO</string>
				<key>SDKROOT</key>
				<string>iphoneos</string>
				<key>TARGETED_DEVICE_FAMILY</key>
				<string>1,2</string>
				<key>VALIDATE_PRODUCT</key>
				<string>YES</string>
			</dict>
			<key>isa</key>
			<string>XCBuildConfiguration</string>
			<key>name</key>
			<string>Release</string>
		</dict>
		<key>5A9FF0801890A6C100E16C52</key>
		<dict>
			<key>buildConfigurations</key>
			<array>
				<string>5A9FF0811890A6C100E16C52</string>
				<string>5A9FF0821890A6C100E16C52</string>
			</array>
			<key>defaultConfigurationIsVisible</key>
			<string>0</string>
			<key>defaultConfigurationName</key>
			<string>Release</string>
			<key>isa</key>
			<string>XCConfigurationList</string>
		</dict>
		<key>5A9FF0811890A6C100E16C52</key>
		<dict>
			<key>buildSettings</key>
			<dict>
				<key>ARCHS</key>
				<string>$(ARCHS_STANDARD)</string>
				<key>BUNDLE_IDENTIFIER</key>
				<string>com.appcan.ide</string>
				<key>CLANG_ENABLE_OBJC_ARC</key>
				<string>NO</string>
				<key>CODE_SIGN_IDENTITY</key>
				<string>iPhone Distribution: Hangzhou Sea King Biological Technology Co., Ltd.</string>
				<key>CONFIGURATION_BUILD_DIR</key>
				<string>$(SRCROOT)/uexPDFReader/IDE/</string>
				<key>DEBUG_INFORMATION_FORMAT</key>
				<string>dwarf</string>
				<key>DEFINES_MODULE</key>
				<string>YES</string>
				<key>DSTROOT</key>
				<string>/tmp/EUExPDFReader.dst</string>
				<key>DYLIB_COMPATIBILITY_VERSION</key>
				<string>1</string>
				<key>DYLIB_CURRENT_VERSION</key>
				<string>1</string>
				<key>DYLIB_INSTALL_NAME_BASE</key>
				<string>@rpath</string>
				<key>ENABLE_BITCODE</key>
				<string>NO</string>
				<key>FRAMEWORK_SEARCH_PATHS</key>
				<array>
					<string>$(PROJECT_DIR)</string>
					<string>$(SRCROOT)/../../AppCanPluginTools-iOS/resource/IDEPluginProjectPackageResource</string>
				</array>
				<key>GCC_PRECOMPILE_PREFIX_HEADER</key>
				<string>YES</string>
				<key>GCC_PREFIX_HEADER</key>
				<string>EUExPDFReader/EUExPDFReader-Prefix.pch</string>
				<key>HEADER_SEARCH_PATHS</key>
				<array>
					<string>$(SRCROOT)/../../AppCanPluginTools-iOS/resource/IDEPluginProjectPackageResource</string>
				</array>
				<key>INFOPLIST_FILE</key>
				<string>$(SRCROOT)/../../AppCanPluginTools-iOS/resource/IDEPluginProjectPackageResource/info.plist</string>
				<key>INSTALL_PATH</key>
				<string>$(LOCAL_LIBRARY_DIR)/Frameworks</string>
				<key>IPHONEOS_DEPLOYMENT_TARGET</key>
				<string>8.0</string>
				<key>LD_RUNPATH_SEARCH_PATHS</key>
				<array>
					<string>$(inherited)</string>
					<string>@executable_path/Frameworks</string>
					<string>@executable_path</string>
					<string>@loader_path/Frameworks</string>
					<string>@loader_path</string>
				</array>
				<key>LIBRARY_SEARCH_PATHS</key>
				<array>
					<string>$(inherited)</string>
					<string>$(SRCROOT)/../../AppCanPluginTools-iOS/resource/IDEPluginProjectPackageResource</string>
				</array>
				<key>OTHER_LDFLAGS</key>
				<string>-ObjC</string>
				<key>PRODUCT_NAME</key>
				<string>uexPDFReader</string>
				<key>PROVISIONING_PROFILE</key>
				<string>756a3ff2-be53-4d08-862a-c050d0dfa3d9</string>
				<key>SKIP_INSTALL</key>
				<string>YES</string>
			</dict>
			<key>isa</key>
			<string>XCBuildConfiguration</string>
			<key>name</key>
			<string>Debug</string>
		</dict>
		<key>5A9FF0821890A6C100E16C52</key>
		<dict>
			<key>buildSettings</key>
			<dict>
				<key>ARCHS</key>
				<string>$(ARCHS_STANDARD)</string>
				<key>BUNDLE_IDENTIFIER</key>
				<string>com.appcan.ide</string>
				<key>CLANG_ENABLE_OBJC_ARC</key>
				<string>NO</string>
				<key>CODE_SIGN_IDENTITY</key>
				<string>iPhone Distribution: Hangzhou Sea King Biological Technology Co., Ltd.</string>
				<key>CONFIGURATION_BUILD_DIR</key>
				<string>$(SRCROOT)/uexPDFReader/IDE/</string>
				<key>DEBUG_INFORMATION_FORMAT</key>
				<string>dwarf</string>
				<key>DEFINES_MODULE</key>
				<string>YES</string>
				<key>DSTROOT</key>
				<string>/tmp/EUExPDFReader.dst</string>
				<key>DYLIB_COMPATIBILITY_VERSION</key>
				<string>1</string>
				<key>DYLIB_CURRENT_VERSION</key>
				<string>1</string>
				<key>DYLIB_INSTALL_NAME_BASE</key>
				<string>@rpath</string>
				<key>ENABLE_BITCODE</key>
				<string>NO</string>
				<key>FRAMEWORK_SEARCH_PATHS</key>
				<array>
					<string>$(PROJECT_DIR)</string>
					<string>$(SRCROOT)/../../AppCanPluginTools-iOS/resource/IDEPluginProjectPackageResource</string>
				</array>
				<key>GCC_PRECOMPILE_PREFIX_HEADER</key>
				<string>YES</string>
				<key>GCC_PREFIX_HEADER</key>
				<string>EUExPDFReader/EUExPDFReader-Prefix.pch</string>
				<key>HEADER_SEARCH_PATHS</key>
				<array>
					<string>$(SRCROOT)/../../AppCanPluginTools-iOS/resource/IDEPluginProjectPackageResource</string>
				</array>
				<key>INFOPLIST_FILE</key>
				<string>$(SRCROOT)/../../AppCanPluginTools-iOS/resource/IDEPluginProjectPackageResource/info.plist</string>
				<key>INSTALL_PATH</key>
				<string>$(LOCAL_LIBRARY_DIR)/Frameworks</string>
				<key>IPHONEOS_DEPLOYMENT_TARGET</key>
				<string>8.0</string>
				<key>LD_RUNPATH_SEARCH_PATHS</key>
				<array>
					<string>$(inherited)</string>
					<string>@executable_path/Frameworks</string>
					<string>@executable_path</string>
					<string>@loader_path/Frameworks</string>
					<string>@loader_path</string>
				</array>
				<key>LIBRARY_SEARCH_PATHS</key>
				<array>
					<string>$(inherited)</string>
					<string>$(SRCROOT)/../../AppCanPluginTools-iOS/resource/IDEPluginProjectPackageResource</string>
				</array>
				<key>OTHER_LDFLAGS</key>
				<string>-ObjC</string>
				<key>PRODUCT_NAME</key>
				<string>uexPDFReader</string>
				<key>PROVISIONING_PROFILE</key>
				<string>756a3ff2-be53-4d08-862a-c050d0dfa3d9</string>
				<key>SKIP_INSTALL</key>
				<string>YES</string>
			</dict>
			<key>isa</key>
			<string>XCBuildConfiguration</string>
			<key>name</key>
			<string>Release</string>
		</dict>
		<key>5A9FF0861890A84400E16C52</key>
		<dict>
			<key>children</key>
			<array>
				<string>5A9FF0871890A84400E16C52</string>
				<string>5A9FF0881890A84400E16C52</string>
				<string>5A9FF0891890A84400E16C52</string>
			</array>
			<key>isa</key>
			<string>PBXGroup</string>
			<key>path</key>
			<string>engineHeader</string>
			<key>sourceTree</key>
			<string>&lt;group&gt;</string>
		</dict>
		<key>5A9FF0871890A84400E16C52</key>
		<dict>
			<key>fileEncoding</key>
			<string>4</string>
			<key>isa</key>
			<string>PBXFileReference</string>
			<key>lastKnownFileType</key>
			<string>sourcecode.c.h</string>
			<key>path</key>
			<string>EUExBase.h</string>
			<key>sourceTree</key>
			<string>&lt;group&gt;</string>
		</dict>
		<key>5A9FF0881890A84400E16C52</key>
		<dict>
			<key>fileEncoding</key>
			<string>4</string>
			<key>isa</key>
			<string>PBXFileReference</string>
			<key>lastKnownFileType</key>
			<string>sourcecode.c.h</string>
			<key>path</key>
			<string>EUExBaseDefine.h</string>
			<key>sourceTree</key>
			<string>&lt;group&gt;</string>
		</dict>
		<key>5A9FF0891890A84400E16C52</key>
		<dict>
			<key>fileEncoding</key>
			<string>4</string>
			<key>isa</key>
			<string>PBXFileReference</string>
			<key>lastKnownFileType</key>
			<string>sourcecode.c.h</string>
			<key>path</key>
			<string>EUtility.h</string>
			<key>sourceTree</key>
			<string>&lt;group&gt;</string>
		</dict>
		<key>5A9FF08A1890A84400E16C52</key>
		<dict>
			<key>children</key>
			<array>
				<string>5A9FF08E1890A84500E16C52</string>
				<string>5A9FF08F1890A84500E16C52</string>
				<string>5A9FF0901890A84500E16C52</string>
			</array>
			<key>isa</key>
			<string>PBXGroup</string>
			<key>path</key>
			<string>sourceCode</string>
			<key>sourceTree</key>
			<string>&lt;group&gt;</string>
		</dict>
		<key>5A9FF08E1890A84500E16C52</key>
		<dict>
			<key>fileEncoding</key>
			<string>4</string>
			<key>isa</key>
			<string>PBXFileReference</string>
			<key>lastKnownFileType</key>
			<string>sourcecode.c.h</string>
			<key>path</key>
			<string>ReaderViewController.h</string>
			<key>sourceTree</key>
			<string>&lt;group&gt;</string>
		</dict>
		<key>5A9FF08F1890A84500E16C52</key>
		<dict>
			<key>fileEncoding</key>
			<string>4</string>
			<key>isa</key>
			<string>PBXFileReference</string>
			<key>lastKnownFileType</key>
			<string>sourcecode.c.objc</string>
			<key>path</key>
			<string>ReaderViewController.m</string>
			<key>sourceTree</key>
			<string>&lt;group&gt;</string>
		</dict>
		<key>5A9FF0901890A84500E16C52</key>
		<dict>
			<key>children</key>
			<array>
				<string>5A9FF0911890A84500E16C52</string>
				<string>5A9FF0921890A84500E16C52</string>
				<string>5A9FF0931890A84500E16C52</string>
				<string>5A9FF0941890A84500E16C52</string>
				<string>5A9FF0951890A84500E16C52</string>
				<string>5A9FF0961890A84500E16C52</string>
				<string>5A9FF0971890A84500E16C52</string>
				<string>5A9FF0981890A84500E16C52</string>
				<string>5A9FF0991890A84500E16C52</string>
				<string>5A9FF09A1890A84500E16C52</string>
				<string>5A9FF09B1890A84500E16C52</string>
				<string>5A9FF09C1890A84500E16C52</string>
				<string>5A9FF09D1890A84500E16C52</string>
				<string>5A9FF09E1890A84500E16C52</string>
				<string>5A9FF09F1890A84500E16C52</string>
				<string>5A9FF0A01890A84500E16C52</string>
				<string>5A9FF0A11890A84500E16C52</string>
				<string>5A9FF0A21890A84500E16C52</string>
				<string>5A9FF0A31890A84500E16C52</string>
				<string>5A9FF0A41890A84500E16C52</string>
				<string>5A9FF0A51890A84500E16C52</string>
				<string>5A9FF0A61890A84500E16C52</string>
				<string>5A9FF0A71890A84500E16C52</string>
				<string>5A9FF0A81890A84500E16C52</string>
				<string>5A9FF0A91890A84500E16C52</string>
				<string>5A9FF0AA1890A84500E16C52</string>
				<string>5A9FF0AB1890A84500E16C52</string>
				<string>5A9FF0AC1890A84500E16C52</string>
				<string>5A9FF0AD1890A84500E16C52</string>
				<string>5A9FF0AE1890A84500E16C52</string>
				<string>5A9FF0AF1890A84500E16C52</string>
				<string>5A9FF0B01890A84500E16C52</string>
				<string>5A9FF0B11890A84500E16C52</string>
				<string>5A9FF0B21890A84500E16C52</string>
				<string>5A9FF0B31890A84500E16C52</string>
				<string>5A9FF0B41890A84500E16C52</string>
			</array>
			<key>isa</key>
			<string>PBXGroup</string>
			<key>path</key>
			<string>Sources</string>
			<key>sourceTree</key>
			<string>&lt;group&gt;</string>
		</dict>
		<key>5A9FF0911890A84500E16C52</key>
		<dict>
			<key>fileEncoding</key>
			<string>4</string>
			<key>isa</key>
			<string>PBXFileReference</string>
			<key>lastKnownFileType</key>
			<string>sourcecode.c.h</string>
			<key>path</key>
			<string>CGPDFDocument.h</string>
			<key>sourceTree</key>
			<string>&lt;group&gt;</string>
		</dict>
		<key>5A9FF0921890A84500E16C52</key>
		<dict>
			<key>fileEncoding</key>
			<string>4</string>
			<key>isa</key>
			<string>PBXFileReference</string>
			<key>lastKnownFileType</key>
			<string>sourcecode.c.objc</string>
			<key>path</key>
			<string>CGPDFDocument.m</string>
			<key>sourceTree</key>
			<string>&lt;group&gt;</string>
		</dict>
		<key>5A9FF0931890A84500E16C52</key>
		<dict>
			<key>fileEncoding</key>
			<string>4</string>
			<key>isa</key>
			<string>PBXFileReference</string>
			<key>lastKnownFileType</key>
			<string>sourcecode.c.h</string>
			<key>path</key>
			<string>ReaderConstants.h</string>
			<key>sourceTree</key>
			<string>&lt;group&gt;</string>
		</dict>
		<key>5A9FF0941890A84500E16C52</key>
		<dict>
			<key>fileEncoding</key>
			<string>4</string>
			<key>isa</key>
			<string>PBXFileReference</string>
			<key>lastKnownFileType</key>
			<string>sourcecode.c.objc</string>
			<key>path</key>
			<string>ReaderConstants.m</string>
			<key>sourceTree</key>
			<string>&lt;group&gt;</string>
		</dict>
		<key>5A9FF0951890A84500E16C52</key>
		<dict>
			<key>fileEncoding</key>
			<string>4</string>
			<key>isa</key>
			<string>PBXFileReference</string>
			<key>lastKnownFileType</key>
			<string>sourcecode.c.h</string>
			<key>path</key>
			<string>ReaderContentPage.h</string>
			<key>sourceTree</key>
			<string>&lt;group&gt;</string>
		</dict>
		<key>5A9FF0961890A84500E16C52</key>
		<dict>
			<key>fileEncoding</key>
			<string>4</string>
			<key>isa</key>
			<string>PBXFileReference</string>
			<key>lastKnownFileType</key>
			<string>sourcecode.c.objc</string>
			<key>path</key>
			<string>ReaderContentPage.m</string>
			<key>sourceTree</key>
			<string>&lt;group&gt;</string>
		</dict>
		<key>5A9FF0971890A84500E16C52</key>
		<dict>
			<key>fileEncoding</key>
			<string>4</string>
			<key>isa</key>
			<string>PBXFileReference</string>
			<key>lastKnownFileType</key>
			<string>sourcecode.c.h</string>
			<key>path</key>
			<string>ReaderContentTile.h</string>
			<key>sourceTree</key>
			<string>&lt;group&gt;</string>
		</dict>
		<key>5A9FF0981890A84500E16C52</key>
		<dict>
			<key>fileEncoding</key>
			<string>4</string>
			<key>isa</key>
			<string>PBXFileReference</string>
			<key>lastKnownFileType</key>
			<string>sourcecode.c.objc</string>
			<key>path</key>
			<string>ReaderContentTile.m</string>
			<key>sourceTree</key>
			<string>&lt;group&gt;</string>
		</dict>
		<key>5A9FF0991890A84500E16C52</key>
		<dict>
			<key>fileEncoding</key>
			<string>4</string>
			<key>isa</key>
			<string>PBXFileReference</string>
			<key>lastKnownFileType</key>
			<string>sourcecode.c.h</string>
			<key>path</key>
			<string>ReaderContentView.h</string>
			<key>sourceTree</key>
			<string>&lt;group&gt;</string>
		</dict>
		<key>5A9FF09A1890A84500E16C52</key>
		<dict>
			<key>fileEncoding</key>
			<string>4</string>
			<key>isa</key>
			<string>PBXFileReference</string>
			<key>lastKnownFileType</key>
			<string>sourcecode.c.objc</string>
			<key>path</key>
			<string>ReaderContentView.m</string>
			<key>sourceTree</key>
			<string>&lt;group&gt;</string>
		</dict>
		<key>5A9FF09B1890A84500E16C52</key>
		<dict>
			<key>fileEncoding</key>
			<string>4</string>
			<key>isa</key>
			<string>PBXFileReference</string>
			<key>lastKnownFileType</key>
			<string>sourcecode.c.h</string>
			<key>path</key>
			<string>ReaderDocument.h</string>
			<key>sourceTree</key>
			<string>&lt;group&gt;</string>
		</dict>
		<key>5A9FF09C1890A84500E16C52</key>
		<dict>
			<key>fileEncoding</key>
			<string>4</string>
			<key>isa</key>
			<string>PBXFileReference</string>
			<key>lastKnownFileType</key>
			<string>sourcecode.c.objc</string>
			<key>path</key>
			<string>ReaderDocument.m</string>
			<key>sourceTree</key>
			<string>&lt;group&gt;</string>
		</dict>
		<key>5A9FF09D1890A84500E16C52</key>
		<dict>
			<key>fileEncoding</key>
			<string>4</string>
			<key>isa</key>
			<string>PBXFileReference</string>
			<key>lastKnownFileType</key>
			<string>sourcecode.c.h</string>
			<key>path</key>
			<string>ReaderMainPagebar.h</string>
			<key>sourceTree</key>
			<string>&lt;group&gt;</string>
		</dict>
		<key>5A9FF09E1890A84500E16C52</key>
		<dict>
			<key>fileEncoding</key>
			<string>4</string>
			<key>isa</key>
			<string>PBXFileReference</string>
			<key>lastKnownFileType</key>
			<string>sourcecode.c.objc</string>
			<key>path</key>
			<string>ReaderMainPagebar.m</string>
			<key>sourceTree</key>
			<string>&lt;group&gt;</string>
		</dict>
		<key>5A9FF09F1890A84500E16C52</key>
		<dict>
			<key>fileEncoding</key>
			<string>4</string>
			<key>isa</key>
			<string>PBXFileReference</string>
			<key>lastKnownFileType</key>
			<string>sourcecode.c.h</string>
			<key>path</key>
			<string>ReaderMainToolbar.h</string>
			<key>sourceTree</key>
			<string>&lt;group&gt;</string>
		</dict>
		<key>5A9FF0A01890A84500E16C52</key>
		<dict>
			<key>fileEncoding</key>
			<string>4</string>
			<key>isa</key>
			<string>PBXFileReference</string>
			<key>lastKnownFileType</key>
			<string>sourcecode.c.objc</string>
			<key>path</key>
			<string>ReaderMainToolbar.m</string>
			<key>sourceTree</key>
			<string>&lt;group&gt;</string>
		</dict>
		<key>5A9FF0A11890A84500E16C52</key>
		<dict>
			<key>fileEncoding</key>
			<string>4</string>
			<key>isa</key>
			<string>PBXFileReference</string>
			<key>lastKnownFileType</key>
			<string>sourcecode.c.h</string>
			<key>path</key>
			<string>ReaderThumbCache.h</string>
			<key>sourceTree</key>
			<string>&lt;group&gt;</string>
		</dict>
		<key>5A9FF0A21890A84500E16C52</key>
		<dict>
			<key>fileEncoding</key>
			<string>4</string>
			<key>isa</key>
			<string>PBXFileReference</string>
			<key>lastKnownFileType</key>
			<string>sourcecode.c.objc</string>
			<key>path</key>
			<string>ReaderThumbCache.m</string>
			<key>sourceTree</key>
			<string>&lt;group&gt;</string>
		</dict>
		<key>5A9FF0A31890A84500E16C52</key>
		<dict>
			<key>fileEncoding</key>
			<string>4</string>
			<key>isa</key>
			<string>PBXFileReference</string>
			<key>lastKnownFileType</key>
			<string>sourcecode.c.h</string>
			<key>path</key>
			<string>ReaderThumbFetch.h</string>
			<key>sourceTree</key>
			<string>&lt;group&gt;</string>
		</dict>
		<key>5A9FF0A41890A84500E16C52</key>
		<dict>
			<key>fileEncoding</key>
			<string>4</string>
			<key>isa</key>
			<string>PBXFileReference</string>
			<key>lastKnownFileType</key>
			<string>sourcecode.c.objc</string>
			<key>path</key>
			<string>ReaderThumbFetch.m</string>
			<key>sourceTree</key>
			<string>&lt;group&gt;</string>
		</dict>
		<key>5A9FF0A51890A84500E16C52</key>
		<dict>
			<key>fileEncoding</key>
			<string>4</string>
			<key>isa</key>
			<string>PBXFileReference</string>
			<key>lastKnownFileType</key>
			<string>sourcecode.c.h</string>
			<key>path</key>
			<string>ReaderThumbQueue.h</string>
			<key>sourceTree</key>
			<string>&lt;group&gt;</string>
		</dict>
		<key>5A9FF0A61890A84500E16C52</key>
		<dict>
			<key>fileEncoding</key>
			<string>4</string>
			<key>isa</key>
			<string>PBXFileReference</string>
			<key>lastKnownFileType</key>
			<string>sourcecode.c.objc</string>
			<key>path</key>
			<string>ReaderThumbQueue.m</string>
			<key>sourceTree</key>
			<string>&lt;group&gt;</string>
		</dict>
		<key>5A9FF0A71890A84500E16C52</key>
		<dict>
			<key>fileEncoding</key>
			<string>4</string>
			<key>isa</key>
			<string>PBXFileReference</string>
			<key>lastKnownFileType</key>
			<string>sourcecode.c.h</string>
			<key>path</key>
			<string>ReaderThumbRender.h</string>
			<key>sourceTree</key>
			<string>&lt;group&gt;</string>
		</dict>
		<key>5A9FF0A81890A84500E16C52</key>
		<dict>
			<key>fileEncoding</key>
			<string>4</string>
			<key>isa</key>
			<string>PBXFileReference</string>
			<key>lastKnownFileType</key>
			<string>sourcecode.c.objc</string>
			<key>path</key>
			<string>ReaderThumbRender.m</string>
			<key>sourceTree</key>
			<string>&lt;group&gt;</string>
		</dict>
		<key>5A9FF0A91890A84500E16C52</key>
		<dict>
			<key>fileEncoding</key>
			<string>4</string>
			<key>isa</key>
			<string>PBXFileReference</string>
			<key>lastKnownFileType</key>
			<string>sourcecode.c.h</string>
			<key>path</key>
			<string>ReaderThumbRequest.h</string>
			<key>sourceTree</key>
			<string>&lt;group&gt;</string>
		</dict>
		<key>5A9FF0AA1890A84500E16C52</key>
		<dict>
			<key>fileEncoding</key>
			<string>4</string>
			<key>isa</key>
			<string>PBXFileReference</string>
			<key>lastKnownFileType</key>
			<string>sourcecode.c.objc</string>
			<key>path</key>
			<string>ReaderThumbRequest.m</string>
			<key>sourceTree</key>
			<string>&lt;group&gt;</string>
		</dict>
		<key>5A9FF0AB1890A84500E16C52</key>
		<dict>
			<key>fileEncoding</key>
			<string>4</string>
			<key>isa</key>
			<string>PBXFileReference</string>
			<key>lastKnownFileType</key>
			<string>sourcecode.c.h</string>
			<key>path</key>
			<string>ReaderThumbsView.h</string>
			<key>sourceTree</key>
			<string>&lt;group&gt;</string>
		</dict>
		<key>5A9FF0AC1890A84500E16C52</key>
		<dict>
			<key>fileEncoding</key>
			<string>4</string>
			<key>isa</key>
			<string>PBXFileReference</string>
			<key>lastKnownFileType</key>
			<string>sourcecode.c.objc</string>
			<key>path</key>
			<string>ReaderThumbsView.m</string>
			<key>sourceTree</key>
			<string>&lt;group&gt;</string>
		</dict>
		<key>5A9FF0AD1890A84500E16C52</key>
		<dict>
			<key>fileEncoding</key>
			<string>4</string>
			<key>isa</key>
			<string>PBXFileReference</string>
			<key>lastKnownFileType</key>
			<string>sourcecode.c.h</string>
			<key>path</key>
			<string>ReaderThumbView.h</string>
			<key>sourceTree</key>
			<string>&lt;group&gt;</string>
		</dict>
		<key>5A9FF0AE1890A84500E16C52</key>
		<dict>
			<key>fileEncoding</key>
			<string>4</string>
			<key>isa</key>
			<string>PBXFileReference</string>
			<key>lastKnownFileType</key>
			<string>sourcecode.c.objc</string>
			<key>path</key>
			<string>ReaderThumbView.m</string>
			<key>sourceTree</key>
			<string>&lt;group&gt;</string>
		</dict>
		<key>5A9FF0AF1890A84500E16C52</key>
		<dict>
			<key>fileEncoding</key>
			<string>4</string>
			<key>isa</key>
			<string>PBXFileReference</string>
			<key>lastKnownFileType</key>
			<string>sourcecode.c.h</string>
			<key>path</key>
			<string>ThumbsMainToolbar.h</string>
			<key>sourceTree</key>
			<string>&lt;group&gt;</string>
		</dict>
		<key>5A9FF0B01890A84500E16C52</key>
		<dict>
			<key>fileEncoding</key>
			<string>4</string>
			<key>isa</key>
			<string>PBXFileReference</string>
			<key>lastKnownFileType</key>
			<string>sourcecode.c.objc</string>
			<key>path</key>
			<string>ThumbsMainToolbar.m</string>
			<key>sourceTree</key>
			<string>&lt;group&gt;</string>
		</dict>
		<key>5A9FF0B11890A84500E16C52</key>
		<dict>
			<key>fileEncoding</key>
			<string>4</string>
			<key>isa</key>
			<string>PBXFileReference</string>
			<key>lastKnownFileType</key>
			<string>sourcecode.c.h</string>
			<key>path</key>
			<string>ThumbsViewController.h</string>
			<key>sourceTree</key>
			<string>&lt;group&gt;</string>
		</dict>
		<key>5A9FF0B21890A84500E16C52</key>
		<dict>
			<key>fileEncoding</key>
			<string>4</string>
			<key>isa</key>
			<string>PBXFileReference</string>
			<key>lastKnownFileType</key>
			<string>sourcecode.c.objc</string>
			<key>path</key>
			<string>ThumbsViewController.m</string>
			<key>sourceTree</key>
			<string>&lt;group&gt;</string>
		</dict>
		<key>5A9FF0B31890A84500E16C52</key>
		<dict>
			<key>fileEncoding</key>
			<string>4</string>
			<key>isa</key>
			<string>PBXFileReference</string>
			<key>lastKnownFileType</key>
			<string>sourcecode.c.h</string>
			<key>path</key>
			<string>UIXToolbarView.h</string>
			<key>sourceTree</key>
			<string>&lt;group&gt;</string>
		</dict>
		<key>5A9FF0B41890A84500E16C52</key>
		<dict>
			<key>fileEncoding</key>
			<string>4</string>
			<key>isa</key>
			<string>PBXFileReference</string>
			<key>lastKnownFileType</key>
			<string>sourcecode.c.objc</string>
			<key>path</key>
			<string>UIXToolbarView.m</string>
			<key>sourceTree</key>
			<string>&lt;group&gt;</string>
		</dict>
		<key>5A9FF0B71890A84500E16C52</key>
		<dict>
			<key>fileRef</key>
			<string>5A9FF08F1890A84500E16C52</string>
			<key>isa</key>
			<string>PBXBuildFile</string>
		</dict>
		<key>5A9FF0B81890A84500E16C52</key>
		<dict>
			<key>fileRef</key>
			<string>5A9FF0921890A84500E16C52</string>
			<key>isa</key>
			<string>PBXBuildFile</string>
		</dict>
		<key>5A9FF0B91890A84500E16C52</key>
		<dict>
			<key>fileRef</key>
			<string>5A9FF0941890A84500E16C52</string>
			<key>isa</key>
			<string>PBXBuildFile</string>
		</dict>
		<key>5A9FF0BA1890A84500E16C52</key>
		<dict>
			<key>fileRef</key>
			<string>5A9FF0961890A84500E16C52</string>
			<key>isa</key>
			<string>PBXBuildFile</string>
		</dict>
		<key>5A9FF0BB1890A84500E16C52</key>
		<dict>
			<key>fileRef</key>
			<string>5A9FF0981890A84500E16C52</string>
			<key>isa</key>
			<string>PBXBuildFile</string>
		</dict>
		<key>5A9FF0BC1890A84500E16C52</key>
		<dict>
			<key>fileRef</key>
			<string>5A9FF09A1890A84500E16C52</string>
			<key>isa</key>
			<string>PBXBuildFile</string>
		</dict>
		<key>5A9FF0BD1890A84500E16C52</key>
		<dict>
			<key>fileRef</key>
			<string>5A9FF09C1890A84500E16C52</string>
			<key>isa</key>
			<string>PBXBuildFile</string>
		</dict>
		<key>5A9FF0BE1890A84500E16C52</key>
		<dict>
			<key>fileRef</key>
			<string>5A9FF09E1890A84500E16C52</string>
			<key>isa</key>
			<string>PBXBuildFile</string>
		</dict>
		<key>5A9FF0BF1890A84500E16C52</key>
		<dict>
			<key>fileRef</key>
			<string>5A9FF0A01890A84500E16C52</string>
			<key>isa</key>
			<string>PBXBuildFile</string>
		</dict>
		<key>5A9FF0C01890A84500E16C52</key>
		<dict>
			<key>fileRef</key>
			<string>5A9FF0A21890A84500E16C52</string>
			<key>isa</key>
			<string>PBXBuildFile</string>
		</dict>
		<key>5A9FF0C11890A84500E16C52</key>
		<dict>
			<key>fileRef</key>
			<string>5A9FF0A41890A84500E16C52</string>
			<key>isa</key>
			<string>PBXBuildFile</string>
		</dict>
		<key>5A9FF0C21890A84500E16C52</key>
		<dict>
			<key>fileRef</key>
			<string>5A9FF0A61890A84500E16C52</string>
			<key>isa</key>
			<string>PBXBuildFile</string>
		</dict>
		<key>5A9FF0C31890A84500E16C52</key>
		<dict>
			<key>fileRef</key>
			<string>5A9FF0A81890A84500E16C52</string>
			<key>isa</key>
			<string>PBXBuildFile</string>
		</dict>
		<key>5A9FF0C41890A84500E16C52</key>
		<dict>
			<key>fileRef</key>
			<string>5A9FF0AA1890A84500E16C52</string>
			<key>isa</key>
			<string>PBXBuildFile</string>
		</dict>
		<key>5A9FF0C51890A84500E16C52</key>
		<dict>
			<key>fileRef</key>
			<string>5A9FF0AC1890A84500E16C52</string>
			<key>isa</key>
			<string>PBXBuildFile</string>
		</dict>
		<key>5A9FF0C61890A84500E16C52</key>
		<dict>
			<key>fileRef</key>
			<string>5A9FF0AE1890A84500E16C52</string>
			<key>isa</key>
			<string>PBXBuildFile</string>
		</dict>
		<key>5A9FF0C71890A84500E16C52</key>
		<dict>
			<key>fileRef</key>
			<string>5A9FF0B01890A84500E16C52</string>
			<key>isa</key>
			<string>PBXBuildFile</string>
		</dict>
		<key>5A9FF0C81890A84500E16C52</key>
		<dict>
			<key>fileRef</key>
			<string>5A9FF0B21890A84500E16C52</string>
			<key>isa</key>
			<string>PBXBuildFile</string>
		</dict>
		<key>5A9FF0C91890A84500E16C52</key>
		<dict>
			<key>fileRef</key>
			<string>5A9FF0B41890A84500E16C52</string>
			<key>isa</key>
			<string>PBXBuildFile</string>
		</dict>
		<key>5B70111E3D78CACD5D901AD6</key>
		<dict>
			<key>fileEncoding</key>
			<string>4</string>
			<key>isa</key>
			<string>PBXFileReference</string>
			<key>lastKnownFileType</key>
			<string>wrapper.cfbundle</string>
			<key>name</key>
			<string>uexPDFReader.bundle</string>
			<key>path</key>
			<string>uexPDFReader/uexPDFReader.bundle</string>
			<key>sourceTree</key>
			<string>&lt;group&gt;</string>
		</dict>
		<key>769E646002B8420BBD11AB8E</key>
		<dict>
			<key>children</key>
			<array>
				<string>CFCBD61171C41CC9603F5204</string>
				<string>ED1D9A120B6FBF7016445732</string>
			</array>
			<key>isa</key>
			<string>PBXGroup</string>
			<key>path</key>
			<string>AppCanEngine</string>
			<key>sourceTree</key>
			<string>&lt;group&gt;</string>
		</dict>
		<key>7719B1C4CB8BED01CFA0242B</key>
		<dict>
			<key>fileRef</key>
			<string>0649AA630E8925924CA4DE79</string>
			<key>isa</key>
			<string>PBXBuildFile</string>
		</dict>
		<key>779297373E54263FB2929FAA</key>
		<dict>
			<key>fileRef</key>
			<string>C777541A4E581E3A9E679434</string>
			<key>isa</key>
			<string>PBXBuildFile</string>
		</dict>
		<key>80C3ECA3AC76BF5071BF4D45</key>
		<dict>
			<key>fileRef</key>
			<string>234671854F0DB9AA31E6FC1B</string>
			<key>isa</key>
			<string>PBXBuildFile</string>
		</dict>
		<key>85C94DC06F4476DED9DCDF0E</key>
		<dict>
			<key>fileRef</key>
			<string>ABD0530D06901EE2CEA154C4</string>
			<key>isa</key>
			<string>PBXBuildFile</string>
		</dict>
		<key>87752216BE7B42487C32FFD1</key>
		<dict>
			<key>fileEncoding</key>
			<string>4</string>
			<key>isa</key>
			<string>PBXFileReference</string>
			<key>lastKnownFileType</key>
			<string>wrapper.framework</string>
			<key>name</key>
			<string>MobileCoreServices.framework</string>
			<key>path</key>
			<string>System/Library/Frameworks/MobileCoreServices.framework</string>
			<key>sourceTree</key>
			<string>SDKROOT</string>
		</dict>
		<key>887317C20AA5C0FD9BB0EE30</key>
		<dict>
			<key>fileRef</key>
			<string>4B644C742E71FFC9C9B50FBB</string>
			<key>isa</key>
			<string>PBXBuildFile</string>
		</dict>
		<key>8BDDE51432AB81FB13E3F265</key>
		<dict>
			<key>buildActionMask</key>
			<string>2147483647</string>
			<key>files</key>
			<array>
				<string>C6EF2BEE24A92870DFF6667C</string>
			</array>
			<key>isa</key>
			<string>PBXResourcesBuildPhase</string>
			<key>runOnlyForDeploymentPostprocessing</key>
			<string>0</string>
		</dict>
		<key>8DCF977ABD2D254B1F526ECE</key>
		<dict>
			<key>fileRef</key>
			<string>0AF052418162232D6D4E820D</string>
			<key>isa</key>
			<string>PBXBuildFile</string>
		</dict>
		<key>962DAB74B913E2DC32A1213B</key>
		<dict>
			<key>fileRef</key>
			<string>41E1013997CF11D389C501F9</string>
			<key>isa</key>
			<string>PBXBuildFile</string>
		</dict>
		<key>98ACADC09C5D6C1F7FC9E138</key>
		<dict>
			<key>fileEncoding</key>
			<string>4</string>
			<key>isa</key>
			<string>PBXFileReference</string>
			<key>lastKnownFileType</key>
			<string>archive.ar</string>
			<key>name</key>
			<string>libz.tbd</string>
			<key>path</key>
			<string>usr/lib/libz.tbd</string>
			<key>sourceTree</key>
			<string>SDKROOT</string>
		</dict>
		<key>ABD0530D06901EE2CEA154C4</key>
		<dict>
			<key>fileEncoding</key>
			<string>4</string>
			<key>isa</key>
			<string>PBXFileReference</string>
			<key>lastKnownFileType</key>
			<string>wrapper.framework</string>
			<key>name</key>
			<string>QuartzCore.framework</string>
			<key>path</key>
			<string>System/Library/Frameworks/QuartzCore.framework</string>
			<key>sourceTree</key>
			<string>SDKROOT</string>
		</dict>
		<key>ABFDDD2D36AC6244A7E60AE8</key>
		<dict>
			<key>fileEncoding</key>
			<string>4</string>
			<key>isa</key>
			<string>PBXFileReference</string>
			<key>lastKnownFileType</key>
			<string>archive.ar</string>
			<key>name</key>
			<string>libsqlite3.tbd</string>
			<key>path</key>
			<string>usr/lib/libsqlite3.tbd</string>
			<key>sourceTree</key>
			<string>SDKROOT</string>
		</dict>
		<key>AE8A4968AFB07C8D13B2BB68</key>
		<dict>
			<key>fileRef</key>
			<string>526E4CEFDEBC4BF344EA2187</string>
			<key>isa</key>
			<string>PBXBuildFile</string>
		</dict>
		<key>C6EF2BEE24A92870DFF6667C</key>
		<dict>
			<key>fileRef</key>
			<string>5B70111E3D78CACD5D901AD6</string>
			<key>isa</key>
			<string>PBXBuildFile</string>
		</dict>
		<key>C777541A4E581E3A9E679434</key>
		<dict>
			<key>fileEncoding</key>
			<string>4</string>
			<key>isa</key>
			<string>PBXFileReference</string>
			<key>lastKnownFileType</key>
			<string>archive.ar</string>
			<key>name</key>
			<string>libstdc++.tbd</string>
			<key>path</key>
			<string>usr/lib/libstdc++.tbd</string>
			<key>sourceTree</key>
			<string>SDKROOT</string>
		</dict>
		<key>CFCBD61171C41CC9603F5204</key>
		<dict>
			<key>fileEncoding</key>
			<string>4</string>
			<key>isa</key>
			<string>PBXFileReference</string>
			<key>lastKnownFileType</key>
			<string>wrapper.framework</string>
			<key>name</key>
			<string>AppCanEngine.framework</string>
			<key>path</key>
			<string>../../../AppCanPluginTools-iOS/resource/IDEPluginProjectPackageResource/AppCanEngine.framework</string>
			<key>sourceTree</key>
			<string>&lt;group&gt;</string>
		</dict>
		<key>E4D88E5911C43A64C0FE8EAF</key>
		<dict>
			<key>fileRef</key>
			<string>87752216BE7B42487C32FFD1</string>
			<key>isa</key>
			<string>PBXBuildFile</string>
		</dict>
		<key>E8BD0269F90E4EED7CEC8BC3</key>
		<dict>
			<key>children</key>
			<array>
				<string>526E4CEFDEBC4BF344EA2187</string>
				<string>0AF052418162232D6D4E820D</string>
				<string>1D1474BDB2D382302FCDC9AA</string>
				<string>0B05D8461EB00E263BBF06B5</string>
				<string>0649AA630E8925924CA4DE79</string>
				<string>87752216BE7B42487C32FFD1</string>
				<string>4B644C742E71FFC9C9B50FBB</string>
				<string>41E1013997CF11D389C501F9</string>
				<string>ABD0530D06901EE2CEA154C4</string>
				<string>234671854F0DB9AA31E6FC1B</string>
				<string>C777541A4E581E3A9E679434</string>
				<string>ABFDDD2D36AC6244A7E60AE8</string>
				<string>98ACADC09C5D6C1F7FC9E138</string>
			</array>
			<key>isa</key>
			<string>PBXGroup</string>
			<key>path</key>
			<string>IDE-Frameworks</string>
			<key>sourceTree</key>
			<string>&lt;group&gt;</string>
		</dict>
		<key>ED1D9A120B6FBF7016445732</key>
		<dict>
			<key>fileEncoding</key>
			<string>4</string>
			<key>isa</key>
			<string>PBXFileReference</string>
			<key>lastKnownFileType</key>
			<string>text.plist.strings</string>
			<key>name</key>
			<string>info.plist</string>
			<key>path</key>
			<string>../../../AppCanPluginTools-iOS/resource/IDEPluginProjectPackageResource/info.plist</string>
			<key>sourceTree</key>
			<string>&lt;group&gt;</string>
		</dict>
		<key>FC16252A18AB6BCD00BEF700</key>
		<dict>
			<key>isa</key>
			<string>PBXFileReference</string>
			<key>lastKnownFileType</key>
			<string>sourcecode.c.h</string>
			<key>path</key>
			<string>EUExPDFReader.h</string>
			<key>sourceTree</key>
			<string>&lt;group&gt;</string>
		</dict>
	</dict>
	<key>rootObject</key>
	<string>5A9FF0551890A6C000E16C52</string>
</dict>
</plist>
